
Microsoft Visual Studio Solution File, Format Version 12.00
# Visual Studio Version 17
VisualStudioVersion = 17.2.32526.322
MinimumVisualStudioVersion = 10.0.40219.1
Project("{8BC9CEB8-8B4A-11D0-8D11-00A0C91BC942}") = "Monopolish", "Monopolish.vcxproj", "{608CFD09-04FB-46EB-BCF9-13F1E489A761}"
EndProject
Global
	GlobalSection(SolutionConfigurationPlatforms) = preSolution
		Debug|x64 = Debug|x64
		Debug|x86 = Debug|x86
		Release|x64 = Release|x64
		Release|x86 = Release|x86
	EndGlobalSection
	GlobalSection(ProjectConfigurationPlatforms) = postSolution
		{608CFD09-04FB-46EB-BCF9-13F1E489A761}.Debug|x64.ActiveCfg = Debug|x64
		{608CFD09-04FB-46EB-BCF9-13F1E489A761}.Debug|x64.Build.0 = Debug|x64
		{608CFD09-04FB-46EB-BCF9-13F1E489A761}.Debug|x86.ActiveCfg = Debug|Win32
		{608CFD09-04FB-46EB-BCF9-13F1E489A761}.Debug|x86.Build.0 = Debug|Win32
		{608CFD09-04FB-46EB-BCF9-13F1E489A761}.Release|x64.ActiveCfg = Release|x64
		{608CFD09-04FB-46EB-BCF9-13F1E489A761}.Release|x64.Build.0 = Release|x64
		{608CFD09-04FB-46EB-BCF9-13F1E489A761}.Release|x86.ActiveCfg = Release|Win32
		{608CFD09-04FB-46EB-BCF9-13F1E489A761}.Release|x86.Build.0 = Release|Win32
	EndGlobalSection
	GlobalSection(SolutionProperties) = preSolution
		HideSolutionNode = FALSE
	EndGlobalSection
	GlobalSection(ExtensibilityGlobals) = postSolution
		SolutionGuid = {81FF83B1-7781-4065-A47D-16FED998089D}
	EndGlobalSection
EndGlobal
